
Microsoft Visual Studio Solution File, Format Version 12.00
# Visual Studio Version 16
VisualStudioVersion = 16.0.31702.278
MinimumVisualStudioVersion = 10.0.40219.1
Project("{FAE04EC0-301F-11D3-BF4B-00C04F79EFBC}") = "IDSYS_V2", "IDSYS_V2\IDSYS_V2.csproj", "{16D782C8-6652-4117-8708-95EA5EFF33D2}"
EndProject
Global
	GlobalSection(SolutionConfigurationPlatforms) = preSolution
		Debug|Any CPU = Debug|Any CPU
		Release|Any CPU = Release|Any CPU
	EndGlobalSection
	GlobalSection(ProjectConfigurationPlatforms) = postSolution
		{16D782C8-6652-4117-8708-95EA5EFF33D2}.Debug|Any CPU.ActiveCfg = Debug|Any CPU
		{16D782C8-6652-4117-8708-95EA5EFF33D2}.Debug|Any CPU.Build.0 = Debug|Any CPU
		{16D782C8-6652-4117-8708-95EA5EFF33D2}.Release|Any CPU.ActiveCfg = Release|Any CPU
		{16D782C8-6652-4117-8708-95EA5EFF33D2}.Release|Any CPU.Build.0 = Release|Any CPU
	EndGlobalSection
	GlobalSection(SolutionProperties) = preSolution
		HideSolutionNode = FALSE
	EndGlobalSection
	GlobalSection(ExtensibilityGlobals) = postSolution
		SolutionGuid = {8C89F546-A59F-43F2-8C6B-CF6E51ED1E23}
	EndGlobalSection
EndGlobal
